// !$*UTF8*$!
{
	archiveVersion = 1;
	classes = {
	};
	objectVersion = 46;
	objects = {

/* Begin PBXBuildFile section */
		813CCA3C18FD0EF9002A98F2 /* Foundation.framework in Frameworks */ = {isa = PBXBuildFile; fileRef = 813CCA3B18FD0EF9002A98F2 /* Foundation.framework */; };
		813CCA3E18FD0EF9002A98F2 /* CoreGraphics.framework in Frameworks */ = {isa = PBXBuildFile; fileRef = 813CCA3D18FD0EF9002A98F2 /* CoreGraphics.framework */; };
		813CCA4018FD0EF9002A98F2 /* UIKit.framework in Frameworks */ = {isa = PBXBuildFile; fileRef = 813CCA3F18FD0EF9002A98F2 /* UIKit.framework */; };
		813CCA4618FD0EF9002A98F2 /* InfoPlist.strings in Resources */ = {isa = PBXBuildFile; fileRef = 813CCA4418FD0EF9002A98F2 /* InfoPlist.strings */; };
		813CCA4818FD0EF9002A98F2 /* main.m in Sources */ = {isa = PBXBuildFile; fileRef = 813CCA4718FD0EF9002A98F2 /* main.m */; };
		813CCA4C18FD0EF9002A98F2 /* AppDelegate.m in Sources */ = {isa = PBXBuildFile; fileRef = 813CCA4B18FD0EF9002A98F2 /* AppDelegate.m */; };
		813CCA4F18FD0EF9002A98F2 /* Main.storyboard in Resources */ = {isa = PBXBuildFile; fileRef = 813CCA4D18FD0EF9002A98F2 /* Main.storyboard */; };
		813CCA5218FD0EF9002A98F2 /* FirstViewController.m in Sources */ = {isa = PBXBuildFile; fileRef = 813CCA5118FD0EF9002A98F2 /* FirstViewController.m */; };
		813CCA5518FD0EF9002A98F2 /* SecondViewController.m in Sources */ = {isa = PBXBuildFile; fileRef = 813CCA5418FD0EF9002A98F2 /* SecondViewController.m */; };
		813CCA5718FD0EF9002A98F2 /* Images.xcassets in Resources */ = {isa = PBXBuildFile; fileRef = 813CCA5618FD0EF9002A98F2 /* Images.xcassets */; };
		813CCA5E18FD0EF9002A98F2 /* XCTest.framework in Frameworks */ = {isa = PBXBuildFile; fileRef = 813CCA5D18FD0EF9002A98F2 /* XCTest.framework */; };
		813CCA5F18FD0EF9002A98F2 /* Foundation.framework in Frameworks */ = {isa = PBXBuildFile; fileRef = 813CCA3B18FD0EF9002A98F2 /* Foundation.framework */; };
		813CCA6018FD0EF9002A98F2 /* UIKit.framework in Frameworks */ = {isa = PBXBuildFile; fileRef = 813CCA3F18FD0EF9002A98F2 /* UIKit.framework */; };
		813CCA6818FD0EF9002A98F2 /* InfoPlist.strings in Resources */ = {isa = PBXBuildFile; fileRef = 813CCA6618FD0EF9002A98F2 /* InfoPlist.strings */; };
		813CCA6A18FD0EF9002A98F2 /* DigitalEstateTests.m in Sources */ = {isa = PBXBuildFile; fileRef = 813CCA6918FD0EF9002A98F2 /* DigitalEstateTests.m */; };
		813CCA7818FDDFF0002A98F2 /* DataSourceFactory.m in Sources */ = {isa = PBXBuildFile; fileRef = 813CCA7618FDDFF0002A98F2 /* DataSourceFactory.m */; };
		813CCA7A18FDE096002A98F2 /* MockDataSource.m in Sources */ = {isa = PBXBuildFile; fileRef = 813CCA7918FDE096002A98F2 /* MockDataSource.m */; };
		813CCA7E18FDEF8E002A98F2 /* InitialViewController.m in Sources */ = {isa = PBXBuildFile; fileRef = 813CCA7D18FDEF8E002A98F2 /* InitialViewController.m */; };
		813CCA8218FDF193002A98F2 /* RegistrationViewController.m in Sources */ = {isa = PBXBuildFile; fileRef = 813CCA8118FDF193002A98F2 /* RegistrationViewController.m */; };
/* End PBXBuildFile section */

/* Begin PBXContainerItemProxy section */
		813CCA6118FD0EF9002A98F2 /* PBXContainerItemProxy */ = {
			isa = PBXContainerItemProxy;
			containerPortal = 813CCA3018FD0EF8002A98F2 /* Project object */;
			proxyType = 1;
			remoteGlobalIDString = 813CCA3718FD0EF9002A98F2;
			remoteInfo = DigitalEstate;
		};
/* End PBXContainerItemProxy section */

/* Begin PBXFileReference section */
		813CCA3818FD0EF9002A98F2 /* DigitalEstate.app */ = {isa = PBXFileReference; explicitFileType = wrapper.application; includeInIndex = 0; path = DigitalEstate.app; sourceTree = BUILT_PRODUCTS_DIR; };
		813CCA3B18FD0EF9002A98F2 /* Foundation.framework */ = {isa = PBXFileReference; lastKnownFileType = wrapper.framework; name = Foundation.framework; path = System/Library/Frameworks/Foundation.framework; sourceTree = SDKROOT; };
		813CCA3D18FD0EF9002A98F2 /* CoreGraphics.framework */ = {isa = PBXFileReference; lastKnownFileType = wrapper.framework; name = CoreGraphics.framework; path = System/Library/Frameworks/CoreGraphics.framework; sourceTree = SDKROOT; };
		813CCA3F18FD0EF9002A98F2 /* UIKit.framework */ = {isa = PBXFileReference; lastKnownFileType = wrapper.framework; name = UIKit.framework; path = System/Library/Frameworks/UIKit.framework; sourceTree = SDKROOT; };
		813CCA4318FD0EF9002A98F2 /* DigitalEstate-Info.plist */ = {isa = PBXFileReference; lastKnownFileType = text.plist.xml; path = "DigitalEstate-Info.plist"; sourceTree = "<group>"; };
		813CCA4518FD0EF9002A98F2 /* en */ = {isa = PBXFileReference; lastKnownFileType = text.plist.strings; name = en; path = en.lproj/InfoPlist.strings; sourceTree = "<group>"; };
		813CCA4718FD0EF9002A98F2 /* main.m */ = {isa = PBXFileReference; lastKnownFileType = sourcecode.c.objc; path = main.m; sourceTree = "<group>"; };
		813CCA4918FD0EF9002A98F2 /* DigitalEstate-Prefix.pch */ = {isa = PBXFileReference; lastKnownFileType = sourcecode.c.h; path = "DigitalEstate-Prefix.pch"; sourceTree = "<group>"; };
		813CCA4A18FD0EF9002A98F2 /* AppDelegate.h */ = {isa = PBXFileReference; lastKnownFileType = sourcecode.c.h; path = AppDelegate.h; sourceTree = "<group>"; };
		813CCA4B18FD0EF9002A98F2 /* AppDelegate.m */ = {isa = PBXFileReference; lastKnownFileType = sourcecode.c.objc; path = AppDelegate.m; sourceTree = "<group>"; };
		813CCA4E18FD0EF9002A98F2 /* Base */ = {isa = PBXFileReference; lastKnownFileType = file.storyboard; name = Base; path = Base.lproj/Main.storyboard; sourceTree = "<group>"; };
		813CCA5018FD0EF9002A98F2 /* FirstViewController.h */ = {isa = PBXFileReference; lastKnownFileType = sourcecode.c.h; path = FirstViewController.h; sourceTree = "<group>"; };
		813CCA5118FD0EF9002A98F2 /* FirstViewController.m */ = {isa = PBXFileReference; lastKnownFileType = sourcecode.c.objc; path = FirstViewController.m; sourceTree = "<group>"; };
		813CCA5318FD0EF9002A98F2 /* SecondViewController.h */ = {isa = PBXFileReference; lastKnownFileType = sourcecode.c.h; path = SecondViewController.h; sourceTree = "<group>"; };
		813CCA5418FD0EF9002A98F2 /* SecondViewController.m */ = {isa = PBXFileReference; lastKnownFileType = sourcecode.c.objc; path = SecondViewController.m; sourceTree = "<group>"; };
		813CCA5618FD0EF9002A98F2 /* Images.xcassets */ = {isa = PBXFileReference; lastKnownFileType = folder.assetcatalog; path = Images.xcassets; sourceTree = "<group>"; };
		813CCA5C18FD0EF9002A98F2 /* DigitalEstateTests.xctest */ = {isa = PBXFileReference; explicitFileType = wrapper.cfbundle; includeInIndex = 0; path = DigitalEstateTests.xctest; sourceTree = BUILT_PRODUCTS_DIR; };
		813CCA5D18FD0EF9002A98F2 /* XCTest.framework */ = {isa = PBXFileReference; lastKnownFileType = wrapper.framework; name = XCTest.framework; path = Library/Frameworks/XCTest.framework; sourceTree = DEVELOPER_DIR; };
		813CCA6518FD0EF9002A98F2 /* DigitalEstateTests-Info.plist */ = {isa = PBXFileReference; lastKnownFileType = text.plist.xml; path = "DigitalEstateTests-Info.plist"; sourceTree = "<group>"; };
		813CCA6718FD0EF9002A98F2 /* en */ = {isa = PBXFileReference; lastKnownFileType = text.plist.strings; name = en; path = en.lproj/InfoPlist.strings; sourceTree = "<group>"; };
		813CCA6918FD0EF9002A98F2 /* DigitalEstateTests.m */ = {isa = PBXFileReference; lastKnownFileType = sourcecode.c.objc; path = DigitalEstateTests.m; sourceTree = "<group>"; };
		813CCA7418FDDFF0002A98F2 /* MockDataSource.h */ = {isa = PBXFileReference; fileEncoding = 4; lastKnownFileType = sourcecode.c.h; name = MockDataSource.h; path = Datasource/MockDataSource.h; sourceTree = "<group>"; };
		813CCA7518FDDFF0002A98F2 /* DataSourceFactory.h */ = {isa = PBXFileReference; fileEncoding = 4; lastKnownFileType = sourcecode.c.h; name = DataSourceFactory.h; path = Datasource/DataSourceFactory.h; sourceTree = "<group>"; };
		813CCA7618FDDFF0002A98F2 /* DataSourceFactory.m */ = {isa = PBXFileReference; fileEncoding = 4; lastKnownFileType = sourcecode.c.objc; name = DataSourceFactory.m; path = Datasource/DataSourceFactory.m; sourceTree = "<group>"; };
		813CCA7918FDE096002A98F2 /* MockDataSource.m */ = {isa = PBXFileReference; fileEncoding = 4; lastKnownFileType = sourcecode.c.objc; name = MockDataSource.m; path = Datasource/MockDataSource.m; sourceTree = "<group>"; };
		813CCA7B18FDE0E1002A98F2 /* EstateDataSource.h */ = {isa = PBXFileReference; fileEncoding = 4; lastKnownFileType = sourcecode.c.h; name = EstateDataSource.h; path = Datasource/EstateDataSource.h; sourceTree = "<group>"; };
		813CCA7C18FDEF8E002A98F2 /* InitialViewController.h */ = {isa = PBXFileReference; fileEncoding = 4; lastKnownFileType = sourcecode.c.h; name = InitialViewController.h; path = ViewControllers/InitialViewController.h; sourceTree = "<group>"; };
		813CCA7D18FDEF8E002A98F2 /* InitialViewController.m */ = {isa = PBXFileReference; fileEncoding = 4; lastKnownFileType = sourcecode.c.objc; name = InitialViewController.m; path = ViewControllers/InitialViewController.m; sourceTree = "<group>"; };
		813CCA8018FDF193002A98F2 /* RegistrationViewController.h */ = {isa = PBXFileReference; fileEncoding = 4; lastKnownFileType = sourcecode.c.h; name = RegistrationViewController.h; path = ViewControllers/RegistrationViewController.h; sourceTree = "<group>"; };
		813CCA8118FDF193002A98F2 /* RegistrationViewController.m */ = {isa = PBXFileReference; fileEncoding = 4; lastKnownFileType = sourcecode.c.objc; name = RegistrationViewController.m; path = ViewControllers/RegistrationViewController.m; sourceTree = "<group>"; };
/* End PBXFileReference section */

/* Begin PBXFrameworksBuildPhase section */
		813CCA3518FD0EF9002A98F2 /* Frameworks */ = {
			isa = PBXFrameworksBuildPhase;
			buildActionMask = 2147483647;
			files = (
				813CCA3E18FD0EF9002A98F2 /* CoreGraphics.framework in Frameworks */,
				813CCA4018FD0EF9002A98F2 /* UIKit.framework in Frameworks */,
				813CCA3C18FD0EF9002A98F2 /* Foundation.framework in Frameworks */,
			);
			runOnlyForDeploymentPostprocessing = 0;
		};
		813CCA5918FD0EF9002A98F2 /* Frameworks */ = {
			isa = PBXFrameworksBuildPhase;
			buildActionMask = 2147483647;
			files = (
				813CCA5E18FD0EF9002A98F2 /* XCTest.framework in Frameworks */,
				813CCA6018FD0EF9002A98F2 /* UIKit.framework in Frameworks */,
				813CCA5F18FD0EF9002A98F2 /* Foundation.framework in Frameworks */,
			);
			runOnlyForDeploymentPostprocessing = 0;
		};
/* End PBXFrameworksBuildPhase section */

/* Begin PBXGroup section */
		813CCA2F18FD0EF8002A98F2 = {
			isa = PBXGroup;
			children = (
				813CCA4118FD0EF9002A98F2 /* DigitalEstate */,
				813CCA6318FD0EF9002A98F2 /* DigitalEstateTests */,
				813CCA3A18FD0EF9002A98F2 /* Frameworks */,
				813CCA3918FD0EF9002A98F2 /* Products */,
			);
			sourceTree = "<group>";
		};
		813CCA3918FD0EF9002A98F2 /* Products */ = {
			isa = PBXGroup;
			children = (
				813CCA3818FD0EF9002A98F2 /* DigitalEstate.app */,
				813CCA5C18FD0EF9002A98F2 /* DigitalEstateTests.xctest */,
			);
			name = Products;
			sourceTree = "<group>";
		};
		813CCA3A18FD0EF9002A98F2 /* Frameworks */ = {
			isa = PBXGroup;
			children = (
				813CCA3B18FD0EF9002A98F2 /* Foundation.framework */,
				813CCA3D18FD0EF9002A98F2 /* CoreGraphics.framework */,
				813CCA3F18FD0EF9002A98F2 /* UIKit.framework */,
				813CCA5D18FD0EF9002A98F2 /* XCTest.framework */,
			);
			name = Frameworks;
			sourceTree = "<group>";
		};
		813CCA4118FD0EF9002A98F2 /* DigitalEstate */ = {
			isa = PBXGroup;
			children = (
				813CCA7F18FDEF96002A98F2 /* ViewControllers */,
				813CCA7318FDDF33002A98F2 /* DataSource */,
				813CCA4A18FD0EF9002A98F2 /* AppDelegate.h */,
				813CCA4B18FD0EF9002A98F2 /* AppDelegate.m */,
				813CCA4D18FD0EF9002A98F2 /* Main.storyboard */,
				813CCA5018FD0EF9002A98F2 /* FirstViewController.h */,
				813CCA5118FD0EF9002A98F2 /* FirstViewController.m */,
				813CCA5318FD0EF9002A98F2 /* SecondViewController.h */,
				813CCA5418FD0EF9002A98F2 /* SecondViewController.m */,
				813CCA5618FD0EF9002A98F2 /* Images.xcassets */,
				813CCA4218FD0EF9002A98F2 /* Supporting Files */,
			);
			path = DigitalEstate;
			sourceTree = "<group>";
		};
		813CCA4218FD0EF9002A98F2 /* Supporting Files */ = {
			isa = PBXGroup;
			children = (
				813CCA4318FD0EF9002A98F2 /* DigitalEstate-Info.plist */,
				813CCA4418FD0EF9002A98F2 /* InfoPlist.strings */,
				813CCA4718FD0EF9002A98F2 /* main.m */,
				813CCA4918FD0EF9002A98F2 /* DigitalEstate-Prefix.pch */,
			);
			name = "Supporting Files";
			sourceTree = "<group>";
		};
		813CCA6318FD0EF9002A98F2 /* DigitalEstateTests */ = {
			isa = PBXGroup;
			children = (
				813CCA6918FD0EF9002A98F2 /* DigitalEstateTests.m */,
				813CCA6418FD0EF9002A98F2 /* Supporting Files */,
			);
			path = DigitalEstateTests;
			sourceTree = "<group>";
		};
		813CCA6418FD0EF9002A98F2 /* Supporting Files */ = {
			isa = PBXGroup;
			children = (
				813CCA6518FD0EF9002A98F2 /* DigitalEstateTests-Info.plist */,
				813CCA6618FD0EF9002A98F2 /* InfoPlist.strings */,
			);
			name = "Supporting Files";
			sourceTree = "<group>";
		};
		813CCA7318FDDF33002A98F2 /* DataSource */ = {
			isa = PBXGroup;
			children = (
				813CCA7B18FDE0E1002A98F2 /* EstateDataSource.h */,
				813CCA7418FDDFF0002A98F2 /* MockDataSource.h */,
				813CCA7918FDE096002A98F2 /* MockDataSource.m */,
				813CCA7518FDDFF0002A98F2 /* DataSourceFactory.h */,
				813CCA7618FDDFF0002A98F2 /* DataSourceFactory.m */,
			);
			name = DataSource;
			sourceTree = "<group>";
		};
		813CCA7F18FDEF96002A98F2 /* ViewControllers */ = {
			isa = PBXGroup;
			children = (
				813CCA7C18FDEF8E002A98F2 /* InitialViewController.h */,
				813CCA7D18FDEF8E002A98F2 /* InitialViewController.m */,
				813CCA8018FDF193002A98F2 /* RegistrationViewController.h */,
				813CCA8118FDF193002A98F2 /* RegistrationViewController.m */,
			);
			name = ViewControllers;
			sourceTree = "<group>";
		};
/* End PBXGroup section */

/* Begin PBXNativeTarget section */
		813CCA3718FD0EF9002A98F2 /* DigitalEstate */ = {
			isa = PBXNativeTarget;
			buildConfigurationList = 813CCA6D18FD0EF9002A98F2 /* Build configuration list for PBXNativeTarget "DigitalEstate" */;
			buildPhases = (
				813CCA3418FD0EF9002A98F2 /* Sources */,
				813CCA3518FD0EF9002A98F2 /* Frameworks */,
				813CCA3618FD0EF9002A98F2 /* Resources */,
			);
			buildRules = (
			);
			dependencies = (
			);
			name = DigitalEstate;
			productName = DigitalEstate;
			productReference = 813CCA3818FD0EF9002A98F2 /* DigitalEstate.app */;
			productType = "com.apple.product-type.application";
		};
		813CCA5B18FD0EF9002A98F2 /* DigitalEstateTests */ = {
			isa = PBXNativeTarget;
			buildConfigurationList = 813CCA7018FD0EF9002A98F2 /* Build configuration list for PBXNativeTarget "DigitalEstateTests" */;
			buildPhases = (
				813CCA5818FD0EF9002A98F2 /* Sources */,
				813CCA5918FD0EF9002A98F2 /* Frameworks */,
				813CCA5A18FD0EF9002A98F2 /* Resources */,
			);
			buildRules = (
			);
			dependencies = (
				813CCA6218FD0EF9002A98F2 /* PBXTargetDependency */,
			);
			name = DigitalEstateTests;
			productName = DigitalEstateTests;
			productReference = 813CCA5C18FD0EF9002A98F2 /* DigitalEstateTests.xctest */;
			productType = "com.apple.product-type.bundle.unit-test";
		};
/* End PBXNativeTarget section */

/* Begin PBXProject section */
		813CCA3018FD0EF8002A98F2 /* Project object */ = {
			isa = PBXProject;
			attributes = {
				LastUpgradeCheck = 0510;
				ORGANIZATIONNAME = "Yi Chen";
				TargetAttributes = {
					813CCA5B18FD0EF9002A98F2 = {
						TestTargetID = 813CCA3718FD0EF9002A98F2;
					};
				};
			};
			buildConfigurationList = 813CCA3318FD0EF8002A98F2 /* Build configuration list for PBXProject "DigitalEstate" */;
			compatibilityVersion = "Xcode 3.2";
			developmentRegion = English;
			hasScannedForEncodings = 0;
			knownRegions = (
				en,
				Base,
			);
			mainGroup = 813CCA2F18FD0EF8002A98F2;
			productRefGroup = 813CCA3918FD0EF9002A98F2 /* Products */;
			projectDirPath = "";
			projectRoot = "";
			targets = (
				813CCA3718FD0EF9002A98F2 /* DigitalEstate */,
				813CCA5B18FD0EF9002A98F2 /* DigitalEstateTests */,
			);
		};
/* End PBXProject section */

/* Begin PBXResourcesBuildPhase section */
		813CCA3618FD0EF9002A98F2 /* Resources */ = {
			isa = PBXResourcesBuildPhase;
			buildActionMask = 2147483647;
			files = (
				813CCA5718FD0EF9002A98F2 /* Images.xcassets in Resources */,
				813CCA4618FD0EF9002A98F2 /* InfoPlist.strings in Resources */,
				813CCA4F18FD0EF9002A98F2 /* Main.storyboard in Resources */,
			);
			runOnlyForDeploymentPostprocessing = 0;
		};
		813CCA5A18FD0EF9002A98F2 /* Resources */ = {
			isa = PBXResourcesBuildPhase;
			buildActionMask = 2147483647;
			files = (
				813CCA6818FD0EF9002A98F2 /* InfoPlist.strings in Resources */,
			);
			runOnlyForDeploymentPostprocessing = 0;
		};
/* End PBXResourcesBuildPhase section */

/* Begin PBXSourcesBuildPhase section */
		813CCA3418FD0EF9002A98F2 /* Sources */ = {
			isa = PBXSourcesBuildPhase;
			buildActionMask = 2147483647;
			files = (
				813CCA5518FD0EF9002A98F2 /* SecondViewController.m in Sources */,
				813CCA8218FDF193002A98F2 /* RegistrationViewController.m in Sources */,
				813CCA7818FDDFF0002A98F2 /* DataSourceFactory.m in Sources */,
				813CCA4C18FD0EF9002A98F2 /* AppDelegate.m in Sources */,
				813CCA5218FD0EF9002A98F2 /* FirstViewController.m in Sources */,
				813CCA7A18FDE096002A98F2 /* MockDataSource.m in Sources */,
				813CCA7E18FDEF8E002A98F2 /* InitialViewController.m in Sources */,
				813CCA4818FD0EF9002A98F2 /* main.m in Sources */,
			);
			runOnlyForDeploymentPostprocessing = 0;
		};
		813CCA5818FD0EF9002A98F2 /* Sources */ = {
			isa = PBXSourcesBuildPhase;
			buildActionMask = 2147483647;
			files = (
				813CCA6A18FD0EF9002A98F2 /* DigitalEstateTests.m in Sources */,
			);
			runOnlyForDeploymentPostprocessing = 0;
		};
/* End PBXSourcesBuildPhase section */

/* Begin PBXTargetDependency section */
		813CCA6218FD0EF9002A98F2 /* PBXTargetDependency */ = {
			isa = PBXTargetDependency;
			target = 813CCA3718FD0EF9002A98F2 /* DigitalEstate */;
			targetProxy = 813CCA6118FD0EF9002A98F2 /* PBXContainerItemProxy */;
		};
/* End PBXTargetDependency section */

/* Begin PBXVariantGroup section */
		813CCA4418FD0EF9002A98F2 /* InfoPlist.strings */ = {
			isa = PBXVariantGroup;
			children = (
				813CCA4518FD0EF9002A98F2 /* en */,
			);
			name = InfoPlist.strings;
			sourceTree = "<group>";
		};
		813CCA4D18FD0EF9002A98F2 /* Main.storyboard */ = {
			isa = PBXVariantGroup;
			children = (
				813CCA4E18FD0EF9002A98F2 /* Base */,
			);
			name = Main.storyboard;
			sourceTree = "<group>";
		};
		813CCA6618FD0EF9002A98F2 /* InfoPlist.strings */ = {
			isa = PBXVariantGroup;
			children = (
				813CCA6718FD0EF9002A98F2 /* en */,
			);
			name = InfoPlist.strings;
			sourceTree = "<group>";
		};
/* End PBXVariantGroup section */

/* Begin XCBuildConfiguration section */
		813CCA6B18FD0EF9002A98F2 /* Debug */ = {
			isa = XCBuildConfiguration;
			buildSettings = {
				ALWAYS_SEARCH_USER_PATHS = NO;
				CLANG_CXX_LANGUAGE_STANDARD = "gnu++0x";
				CLANG_CXX_LIBRARY = "libc++";
				CLANG_ENABLE_MODULES = YES;
				CLANG_ENABLE_OBJC_ARC = YES;
				CLANG_WARN_BOOL_CONVERSION = YES;
				CLANG_WARN_CONSTANT_CONVERSION = YES;
				CLANG_WARN_DIRECT_OBJC_ISA_USAGE = YES_ERROR;
				CLANG_WARN_EMPTY_BODY = YES;
				CLANG_WARN_ENUM_CONVERSION = YES;
				CLANG_WARN_INT_CONVERSION = YES;
				CLANG_WARN_OBJC_ROOT_CLASS = YES_ERROR;
				CLANG_WARN__DUPLICATE_METHOD_MATCH = YES;
				"CODE_SIGN_IDENTITY[sdk=iphoneos*]" = "iPhone Developer";
				COPY_PHASE_STRIP = NO;
				GCC_C_LANGUAGE_STANDARD = gnu99;
				GCC_DYNAMIC_NO_PIC = NO;
				GCC_OPTIMIZATION_LEVEL = 0;
				GCC_PREPROCESSOR_DEFINITIONS = (
					"DEBUG=1",
					"$(inherited)",
				);
				GCC_SYMBOLS_PRIVATE_EXTERN = NO;
				GCC_WARN_64_TO_32_BIT_CONVERSION = YES;
				GCC_WARN_ABOUT_RETURN_TYPE = YES_ERROR;
				GCC_WARN_UNDECLARED_SELECTOR = YES;
				GCC_WARN_UNINITIALIZED_AUTOS = YES_AGGRESSIVE;
				GCC_WARN_UNUSED_FUNCTION = YES;
				GCC_WARN_UNUSED_VARIABLE = YES;
				IPHONEOS_DEPLOYMENT_TARGET = 7.1;
				ONLY_ACTIVE_ARCH = YES;
				SDKROOT = iphoneos;
			};
			name = Debug;
		};
		813CCA6C18FD0EF9002A98F2 /* Release */ = {
			isa = XCBuildConfiguration;
			buildSettings = {
				ALWAYS_SEARCH_USER_PATHS = NO;
				CLANG_CXX_LANGUAGE_STANDARD = "gnu++0x";
				CLANG_CXX_LIBRARY = "libc++";
				CLANG_ENABLE_MODULES = YES;
				CLANG_ENABLE_OBJC_ARC = YES;
				CLANG_WARN_BOOL_CONVERSION = YES;
				CLANG_WARN_CONSTANT_CONVERSION = YES;
				CLANG_WARN_DIRECT_OBJC_ISA_USAGE = YES_ERROR;
				CLANG_WARN_EMPTY_BODY = YES;
				CLANG_WARN_ENUM_CONVERSION = YES;
				CLANG_WARN_INT_CONVERSION = YES;
				CLANG_WARN_OBJC_ROOT_CLASS = YES_ERROR;
				CLANG_WARN__DUPLICATE_METHOD_MATCH = YES;
				"CODE_SIGN_IDENTITY[sdk=iphoneos*]" = "iPhone Developer";
				COPY_PHASE_STRIP = YES;
				ENABLE_NS_ASSERTIONS = NO;
				GCC_C_LANGUAGE_STANDARD = gnu99;
				GCC_WARN_64_TO_32_BIT_CONVERSION = YES;
				GCC_WARN_ABOUT_RETURN_TYPE = YES_ERROR;
				GCC_WARN_UNDECLARED_SELECTOR = YES;
				GCC_WARN_UNINITIALIZED_AUTOS = YES_AGGRESSIVE;
				GCC_WARN_UNUSED_FUNCTION = YES;
				GCC_WARN_UNUSED_VARIABLE = YES;
				IPHONEOS_DEPLOYMENT_TARGET = 7.1;
				SDKROOT = iphoneos;
				VALIDATE_PRODUCT = YES;
			};
			name = Release;
		};
		813CCA6E18FD0EF9002A98F2 /* Debug */ = {
			isa = XCBuildConfiguration;
			buildSettings = {
				ASSETCATALOG_COMPILER_APPICON_NAME = AppIcon;
				ASSETCATALOG_COMPILER_LAUNCHIMAGE_NAME = LaunchImage;
				GCC_PRECOMPILE_PREFIX_HEADER = YES;
				GCC_PREFIX_HEADER = "DigitalEstate/DigitalEstate-Prefix.pch";
				INFOPLIST_FILE = "DigitalEstate/DigitalEstate-Info.plist";
				PRODUCT_NAME = "$(TARGET_NAME)";
				WRAPPER_EXTENSION = app;
			};
			name = Debug;
		};
		813CCA6F18FD0EF9002A98F2 /* Release */ = {
			isa = XCBuildConfiguration;
			buildSettings = {
				ASSETCATALOG_COMPILER_APPICON_NAME = AppIcon;
				ASSETCATALOG_COMPILER_LAUNCHIMAGE_NAME = LaunchImage;
				GCC_PRECOMPILE_PREFIX_HEADER = YES;
				GCC_PREFIX_HEADER = "DigitalEstate/DigitalEstate-Prefix.pch";
				INFOPLIST_FILE = "DigitalEstate/DigitalEstate-Info.plist";
				PRODUCT_NAME = "$(TARGET_NAME)";
				WRAPPER_EXTENSION = app;
			};
			name = Release;
		};
		813CCA7118FD0EF9002A98F2 /* Debug */ = {
			isa = XCBuildConfiguration;
			buildSettings = {
				BUNDLE_LOADER = "$(BUILT_PRODUCTS_DIR)/DigitalEstate.app/DigitalEstate";
				FRAMEWORK_SEARCH_PATHS = (
					"$(SDKROOT)/Developer/Library/Frameworks",
					"$(inherited)",
					"$(DEVELOPER_FRAMEWORKS_DIR)",
				);
				GCC_PRECOMPILE_PREFIX_HEADER = YES;
				GCC_PREFIX_HEADER = "DigitalEstate/DigitalEstate-Prefix.pch";
				GCC_PREPROCESSOR_DEFINITIONS = (
					"DEBUG=1",
					"$(inherited)",
				);
				INFOPLIST_FILE = "DigitalEstateTests/DigitalEstateTests-Info.plist";
				PRODUCT_NAME = "$(TARGET_NAME)";
				TEST_HOST = "$(BUNDLE_LOADER)";
				WRAPPER_EXTENSION = xctest;
			};
			name = Debug;
		};
		813CCA7218FD0EF9002A98F2 /* Release */ = {
			isa = XCBuildConfiguration;
			buildSettings = {
				BUNDLE_LOADER = "$(BUILT_PRODUCTS_DIR)/DigitalEstate.app/DigitalEstate";
				FRAMEWORK_SEARCH_PATHS = (
					"$(SDKROOT)/Developer/Library/Frameworks",
					"$(inherited)",
					"$(DEVELOPER_FRAMEWORKS_DIR)",
				);
				GCC_PRECOMPILE_PREFIX_HEADER = YES;
				GCC_PREFIX_HEADER = "DigitalEstate/DigitalEstate-Prefix.pch";
				INFOPLIST_FILE = "DigitalEstateTests/DigitalEstateTests-Info.plist";
				PRODUCT_NAME = "$(TARGET_NAME)";
				TEST_HOST = "$(BUNDLE_LOADER)";
				WRAPPER_EXTENSION = xctest;
			};
			name = Release;
		};
/* End XCBuildConfiguration section */

/* Begin XCConfigurationList section */
		813CCA3318FD0EF8002A98F2 /* Build configuration list for PBXProject "DigitalEstate" */ = {
			isa = XCConfigurationList;
			buildConfigurations = (
				813CCA6B18FD0EF9002A98F2 /* Debug */,
				813CCA6C18FD0EF9002A98F2 /* Release */,
			);
			defaultConfigurationIsVisible = 0;
			defaultConfigurationName = Release;
		};
		813CCA6D18FD0EF9002A98F2 /* Build configuration list for PBXNativeTarget "DigitalEstate" */ = {
			isa = XCConfigurationList;
			buildConfigurations = (
				813CCA6E18FD0EF9002A98F2 /* Debug */,
				813CCA6F18FD0EF9002A98F2 /* Release */,
			);
			defaultConfigurationIsVisible = 0;
		};
		813CCA7018FD0EF9002A98F2 /* Build configuration list for PBXNativeTarget "DigitalEstateTests" */ = {
			isa = XCConfigurationList;
			buildConfigurations = (
				813CCA7118FD0EF9002A98F2 /* Debug */,
				813CCA7218FD0EF9002A98F2 /* Release */,
			);
			defaultConfigurationIsVisible = 0;
		};
/* End XCConfigurationList section */
	};
	rootObject = 813CCA3018FD0EF8002A98F2 /* Project object */;
}
